
Microsoft Visual Studio Solution File, Format Version 12.00
# Visual Studio 15
VisualStudioVersion = 15.0.27703.2047
MinimumVisualStudioVersion = 10.0.40219.1
Project("{8BC9CEB8-8B4A-11D0-8D11-00A0C91BC942}") = "Test-1.1", "Test-1.1\Test-1.1.vcxproj", "{2F178A76-7083-43D9-A85F-33A50D3D824C}"
EndProject
Global
	GlobalSection(SolutionConfigurationPlatforms) = preSolution
		Debug|x64 = Debug|x64
		Debug|x86 = Debug|x86
		Release|x64 = Release|x64
		Release|x86 = Release|x86
	EndGlobalSection
	GlobalSection(ProjectConfigurationPlatforms) = postSolution
		{2F178A76-7083-43D9-A85F-33A50D3D824C}.Debug|x64.ActiveCfg = Debug|x64
		{2F178A76-7083-43D9-A85F-33A50D3D824C}.Debug|x64.Build.0 = Debug|x64
		{2F178A76-7083-43D9-A85F-33A50D3D824C}.Debug|x86.ActiveCfg = Debug|Win32
		{2F178A76-7083-43D9-A85F-33A50D3D824C}.Debug|x86.Build.0 = Debug|Win32
		{2F178A76-7083-43D9-A85F-33A50D3D824C}.Release|x64.ActiveCfg = Release|x64
		{2F178A76-7083-43D9-A85F-33A50D3D824C}.Release|x64.Build.0 = Release|x64
		{2F178A76-7083-43D9-A85F-33A50D3D824C}.Release|x86.ActiveCfg = Release|Win32
		{2F178A76-7083-43D9-A85F-33A50D3D824C}.Release|x86.Build.0 = Release|Win32
	EndGlobalSection
	GlobalSection(SolutionProperties) = preSolution
		HideSolutionNode = FALSE
	EndGlobalSection
	GlobalSection(ExtensibilityGlobals) = postSolution
		SolutionGuid = {DB21B27F-9CB0-45AD-848B-26EF84E478FA}
	EndGlobalSection
EndGlobal
