
Microsoft Visual Studio Solution File, Format Version 12.00
# Visual Studio 15
VisualStudioVersion = 15.0.27703.2047
MinimumVisualStudioVersion = 10.0.40219.1
Project("{8BC9CEB8-8B4A-11D0-8D11-00A0C91BC942}") = "Homework-6.2", "Homework-6.2\Homework-6.2.vcxproj", "{5CC7633C-E864-4CD1-B813-6A3DA8195FA0}"
EndProject
Global
	GlobalSection(SolutionConfigurationPlatforms) = preSolution
		Debug|x64 = Debug|x64
		Debug|x86 = Debug|x86
		Release|x64 = Release|x64
		Release|x86 = Release|x86
	EndGlobalSection
	GlobalSection(ProjectConfigurationPlatforms) = postSolution
		{5CC7633C-E864-4CD1-B813-6A3DA8195FA0}.Debug|x64.ActiveCfg = Debug|x64
		{5CC7633C-E864-4CD1-B813-6A3DA8195FA0}.Debug|x64.Build.0 = Debug|x64
		{5CC7633C-E864-4CD1-B813-6A3DA8195FA0}.Debug|x86.ActiveCfg = Debug|Win32
		{5CC7633C-E864-4CD1-B813-6A3DA8195FA0}.Debug|x86.Build.0 = Debug|Win32
		{5CC7633C-E864-4CD1-B813-6A3DA8195FA0}.Release|x64.ActiveCfg = Release|x64
		{5CC7633C-E864-4CD1-B813-6A3DA8195FA0}.Release|x64.Build.0 = Release|x64
		{5CC7633C-E864-4CD1-B813-6A3DA8195FA0}.Release|x86.ActiveCfg = Release|Win32
		{5CC7633C-E864-4CD1-B813-6A3DA8195FA0}.Release|x86.Build.0 = Release|Win32
	EndGlobalSection
	GlobalSection(SolutionProperties) = preSolution
		HideSolutionNode = FALSE
	EndGlobalSection
	GlobalSection(ExtensibilityGlobals) = postSolution
		SolutionGuid = {1BAC7DE0-845E-474C-BC3A-D568D56513F5}
	EndGlobalSection
EndGlobal
